
Microsoft Visual Studio Solution File, Format Version 12.00
# Visual Studio Version 17
VisualStudioVersion = 17.1.32407.343
MinimumVisualStudioVersion = 10.0.40219.1
Project("{FAE04EC0-301F-11D3-BF4B-00C04F79EFBC}") = "11DOM", "11DOM.csproj", "{475C75BD-8CC1-4C86-AAAE-56194CCA9363}"
EndProject
Global
	GlobalSection(SolutionConfigurationPlatforms) = preSolution
		Debug|Any CPU = Debug|Any CPU
		Release|Any CPU = Release|Any CPU
	EndGlobalSection
	GlobalSection(ProjectConfigurationPlatforms) = postSolution
		{475C75BD-8CC1-4C86-AAAE-56194CCA9363}.Debug|Any CPU.ActiveCfg = Debug|Any CPU
		{475C75BD-8CC1-4C86-AAAE-56194CCA9363}.Debug|Any CPU.Build.0 = Debug|Any CPU
		{475C75BD-8CC1-4C86-AAAE-56194CCA9363}.Release|Any CPU.ActiveCfg = Release|Any CPU
		{475C75BD-8CC1-4C86-AAAE-56194CCA9363}.Release|Any CPU.Build.0 = Release|Any CPU
	EndGlobalSection
	GlobalSection(SolutionProperties) = preSolution
		HideSolutionNode = FALSE
	EndGlobalSection
	GlobalSection(ExtensibilityGlobals) = postSolution
		SolutionGuid = {14631C07-3648-4066-A3C2-1DCEB0FCA93E}
	EndGlobalSection
EndGlobal
